// !$*UTF8*$!
{
	archiveVersion = 1;
	classes = {
	};
	objectVersion = 56;
	objects = {

/* Begin PBXBuildFile section */
		A10000000000000000000001 /* LikeMindsApp.swift in Sources */ = {isa = PBXBuildFile; fileRef = B10000000000000000000001 /* LikeMindsApp.swift */; };
		A10000000000000000000002 /* Colors.swift in Sources */ = {isa = PBXBuildFile; fileRef = B10000000000000000000002 /* Colors.swift */; };
		A10000000000000000000003 /* Typography.swift in Sources */ = {isa = PBXBuildFile; fileRef = B10000000000000000000003 /* Typography.swift */; };
		A10000000000000000000004 /* Layout.swift in Sources */ = {isa = PBXBuildFile; fileRef = B10000000000000000000004 /* Layout.swift */; };
		A10000000000000000000005 /* GradientBackground.swift in Sources */ = {isa = PBXBuildFile; fileRef = B10000000000000000000005 /* GradientBackground.swift */; };
		A10000000000000000000006 /* FloatingOrbs.swift in Sources */ = {isa = PBXBuildFile; fileRef = B10000000000000000000006 /* FloatingOrbs.swift */; };
		A10000000000000000000007 /* GlassCard.swift in Sources */ = {isa = PBXBuildFile; fileRef = B10000000000000000000007 /* GlassCard.swift */; };
		A10000000000000000000008 /* PrimaryButton.swift in Sources */ = {isa = PBXBuildFile; fileRef = B10000000000000000000008 /* PrimaryButton.swift */; };
		A10000000000000000000009 /* ConnectionHub.swift in Sources */ = {isa = PBXBuildFile; fileRef = B10000000000000000000009 /* ConnectionHub.swift */; };
		A1000000000000000000000A /* WelcomeView.swift in Sources */ = {isa = PBXBuildFile; fileRef = B1000000000000000000000A /* WelcomeView.swift */; };
		A1000000000000000000000B /* WelcomeViewModel.swift in Sources */ = {isa = PBXBuildFile; fileRef = B1000000000000000000000B /* WelcomeViewModel.swift */; };
		A1000000000000000000000C /* Assets.xcassets in Resources */ = {isa = PBXBuildFile; fileRef = B1000000000000000000000C /* Assets.xcassets */; };
/* End PBXBuildFile section */

/* Begin PBXFileReference section */
		B10000000000000000000001 /* LikeMindsApp.swift */ = {isa = PBXFileReference; lastKnownFileType = sourcecode.swift; path = LikeMindsApp.swift; sourceTree = "<group>"; };
		B10000000000000000000002 /* Colors.swift */ = {isa = PBXFileReference; lastKnownFileType = sourcecode.swift; path = Colors.swift; sourceTree = "<group>"; };
		B10000000000000000000003 /* Typography.swift */ = {isa = PBXFileReference; lastKnownFileType = sourcecode.swift; path = Typography.swift; sourceTree = "<group>"; };
		B10000000000000000000004 /* Layout.swift */ = {isa = PBXFileReference; lastKnownFileType = sourcecode.swift; path = Layout.swift; sourceTree = "<group>"; };
		B10000000000000000000005 /* GradientBackground.swift */ = {isa = PBXFileReference; lastKnownFileType = sourcecode.swift; path = GradientBackground.swift; sourceTree = "<group>"; };
		B10000000000000000000006 /* FloatingOrbs.swift */ = {isa = PBXFileReference; lastKnownFileType = sourcecode.swift; path = FloatingOrbs.swift; sourceTree = "<group>"; };
		B10000000000000000000007 /* GlassCard.swift */ = {isa = PBXFileReference; lastKnownFileType = sourcecode.swift; path = GlassCard.swift; sourceTree = "<group>"; };
		B10000000000000000000008 /* PrimaryButton.swift */ = {isa = PBXFileReference; lastKnownFileType = sourcecode.swift; path = PrimaryButton.swift; sourceTree = "<group>"; };
		B10000000000000000000009 /* ConnectionHub.swift */ = {isa = PBXFileReference; lastKnownFileType = sourcecode.swift; path = ConnectionHub.swift; sourceTree = "<group>"; };
		B1000000000000000000000A /* WelcomeView.swift */ = {isa = PBXFileReference; lastKnownFileType = sourcecode.swift; path = WelcomeView.swift; sourceTree = "<group>"; };
		B1000000000000000000000B /* WelcomeViewModel.swift */ = {isa = PBXFileReference; lastKnownFileType = sourcecode.swift; path = WelcomeViewModel.swift; sourceTree = "<group>"; };
		B1000000000000000000000C /* Assets.xcassets */ = {isa = PBXFileReference; lastKnownFileType = folder.assetcatalog; path = Assets.xcassets; sourceTree = "<group>"; };
		C10000000000000000000001 /* LikeMinds.app */ = {isa = PBXFileReference; explicitFileType = wrapper.application; includeInIndex = 0; path = LikeMinds.app; sourceTree = BUILT_PRODUCTS_DIR; };
/* End PBXFileReference section */

/* Begin PBXFrameworksBuildPhase section */
		D10000000000000000000001 /* Frameworks */ = {
			isa = PBXFrameworksBuildPhase;
			buildActionMask = 2147483647;
			files = (
			);
			runOnlyForDeploymentPostprocessing = 0;
		};
/* End PBXFrameworksBuildPhase section */

/* Begin PBXGroup section */
		E10000000000000000000001 = {
			isa = PBXGroup;
			children = (
				E10000000000000000000009 /* App */,
				E10000000000000000000006 /* Features */,
				E1000000000000000000000A /* Shared */,
				E10000000000000000000007 /* Resources */,
				E10000000000000000000003 /* Products */,
			);
			sourceTree = "<group>";
		};
		E10000000000000000000003 /* Products */ = {
			isa = PBXGroup;
			children = (
				C10000000000000000000001 /* LikeMinds.app */,
			);
			name = Products;
			sourceTree = "<group>";
		};
		E10000000000000000000006 /* Features */ = {
			isa = PBXGroup;
			children = (
				E10000000000000000000008 /* Welcome */,
			);
			path = Features;
			sourceTree = "<group>";
		};
		E10000000000000000000007 /* Resources */ = {
			isa = PBXGroup;
			children = (
				B1000000000000000000000C /* Assets.xcassets */,
			);
			path = Resources;
			sourceTree = "<group>";
		};
		E10000000000000000000008 /* Welcome */ = {
			isa = PBXGroup;
			children = (
				B1000000000000000000000A /* WelcomeView.swift */,
				B1000000000000000000000B /* WelcomeViewModel.swift */,
			);
			path = Welcome;
			sourceTree = "<group>";
		};
		E10000000000000000000009 /* App */ = {
			isa = PBXGroup;
			children = (
				B10000000000000000000001 /* LikeMindsApp.swift */,
			);
			path = App;
			sourceTree = "<group>";
		};
		E1000000000000000000000A /* Shared */ = {
			isa = PBXGroup;
			children = (
				E1000000000000000000000B /* Theme */,
				E1000000000000000000000C /* Components */,
			);
			path = Shared;
			sourceTree = "<group>";
		};
		E1000000000000000000000B /* Theme */ = {
			isa = PBXGroup;
			children = (
				B10000000000000000000002 /* Colors.swift */,
				B10000000000000000000003 /* Typography.swift */,
				B10000000000000000000004 /* Layout.swift */,
			);
			path = Theme;
			sourceTree = "<group>";
		};
		E1000000000000000000000C /* Components */ = {
			isa = PBXGroup;
			children = (
				B10000000000000000000005 /* GradientBackground.swift */,
				B10000000000000000000006 /* FloatingOrbs.swift */,
				B10000000000000000000007 /* GlassCard.swift */,
				B10000000000000000000008 /* PrimaryButton.swift */,
				B10000000000000000000009 /* ConnectionHub.swift */,
			);
			path = Components;
			sourceTree = "<group>";
		};
/* End PBXGroup section */

/* Begin PBXNativeTarget section */
		F10000000000000000000001 /* LikeMinds */ = {
			isa = PBXNativeTarget;
			buildConfigurationList = F10000000000000000000004 /* Build configuration list for PBXNativeTarget "LikeMinds" */;
			buildPhases = (
				F10000000000000000000002 /* Sources */,
				D10000000000000000000001 /* Frameworks */,
				F10000000000000000000003 /* Resources */,
			);
			buildRules = (
			);
			dependencies = (
			);
			name = LikeMinds;
			productName = LikeMinds;
			productReference = C10000000000000000000001 /* LikeMinds.app */;
			productType = "com.apple.product-type.application";
		};
/* End PBXNativeTarget section */

/* Begin PBXProject section */
		F10000000000000000000005 /* Project object */ = {
			isa = PBXProject;
			attributes = {
				BuildIndependentTargetsInParallel = 1;
				LastSwiftUpdateCheck = 1600;
				LastUpgradeCheck = 1600;
				TargetAttributes = {
					F10000000000000000000001 = {
						CreatedOnToolsVersion = 16.0;
					};
				};
			};
			buildConfigurationList = F10000000000000000000006 /* Build configuration list for PBXProject "LikeMinds" */;
			compatibilityVersion = "Xcode 16.0";
			developmentRegion = en;
			hasScannedForEncodings = 0;
			knownRegions = (
				en,
				Base,
			);
			mainGroup = E10000000000000000000001;
			productRefGroup = E10000000000000000000003 /* Products */;
			projectDirPath = "";
			projectRoot = "";
			targets = (
				F10000000000000000000001 /* LikeMinds */,
			);
		};
/* End PBXProject section */

/* Begin PBXResourcesBuildPhase section */
		F10000000000000000000003 /* Resources */ = {
			isa = PBXResourcesBuildPhase;
			buildActionMask = 2147483647;
			files = (
				A1000000000000000000000C /* Assets.xcassets in Resources */,
			);
			runOnlyForDeploymentPostprocessing = 0;
		};
/* End PBXResourcesBuildPhase section */

/* Begin PBXSourcesBuildPhase section */
		F10000000000000000000002 /* Sources */ = {
			isa = PBXSourcesBuildPhase;
			buildActionMask = 2147483647;
			files = (
				A10000000000000000000001 /* LikeMindsApp.swift in Sources */,
				A10000000000000000000002 /* Colors.swift in Sources */,
				A10000000000000000000003 /* Typography.swift in Sources */,
				A10000000000000000000004 /* Layout.swift in Sources */,
				A10000000000000000000005 /* GradientBackground.swift in Sources */,
				A10000000000000000000006 /* FloatingOrbs.swift in Sources */,
				A10000000000000000000007 /* GlassCard.swift in Sources */,
				A10000000000000000000008 /* PrimaryButton.swift in Sources */,
				A10000000000000000000009 /* ConnectionHub.swift in Sources */,
				A1000000000000000000000A /* WelcomeView.swift in Sources */,
				A1000000000000000000000B /* WelcomeViewModel.swift in Sources */,
			);
			runOnlyForDeploymentPostprocessing = 0;
		};
/* End PBXSourcesBuildPhase section */

/* Begin XCBuildConfiguration section */
		G10000000000000000000001 /* Debug */ = {
			isa = XCBuildConfiguration;
			buildSettings = {
				ALWAYS_SEARCH_USER_PATHS = NO;
				ASSETCATALOG_COMPILER_GENERATE_SWIFT_ASSET_SYMBOL_EXTENSIONS = YES;
				CLANG_ENABLE_MODULES = YES;
				CLANG_ENABLE_OBJC_ARC = YES;
				COPY_PHASE_STRIP = NO;
				DEBUG_INFORMATION_FORMAT = dwarf;
				ENABLE_STRICT_OBJC_MSGSEND = YES;
				ENABLE_TESTABILITY = YES;
				GCC_DYNAMIC_NO_PIC = NO;
				GCC_OPTIMIZATION_LEVEL = 0;
				GCC_PREPROCESSOR_DEFINITIONS = (
					"DEBUG=1",
					"$(inherited)",
				);
				IPHONEOS_DEPLOYMENT_TARGET = 17.0;
				MTL_ENABLE_DEBUG_INFO = INCLUDE_SOURCE;
				ONLY_ACTIVE_ARCH = YES;
				SDKROOT = iphoneos;
				SWIFT_ACTIVE_COMPILATION_CONDITIONS = "DEBUG $(inherited)";
				SWIFT_OPTIMIZATION_LEVEL = "-Onone";
			};
			name = Debug;
		};
		G10000000000000000000002 /* Release */ = {
			isa = XCBuildConfiguration;
			buildSettings = {
				ALWAYS_SEARCH_USER_PATHS = NO;
				ASSETCATALOG_COMPILER_GENERATE_SWIFT_ASSET_SYMBOL_EXTENSIONS = YES;
				CLANG_ENABLE_MODULES = YES;
				CLANG_ENABLE_OBJC_ARC = YES;
				COPY_PHASE_STRIP = NO;
				DEBUG_INFORMATION_FORMAT = "dwarf-with-dsym";
				ENABLE_NS_ASSERTIONS = NO;
				ENABLE_STRICT_OBJC_MSGSEND = YES;
				IPHONEOS_DEPLOYMENT_TARGET = 17.0;
				MTL_ENABLE_DEBUG_INFO = NO;
				SDKROOT = iphoneos;
				SWIFT_COMPILATION_MODE = wholemodule;
				VALIDATE_PRODUCT = YES;
			};
			name = Release;
		};
		G10000000000000000000003 /* Debug */ = {
			isa = XCBuildConfiguration;
			buildSettings = {
				ASSETCATALOG_COMPILER_APPICON_NAME = AppIcon;
				ASSETCATALOG_COMPILER_GLOBAL_ACCENT_COLOR_NAME = AccentColor;
				CODE_SIGN_STYLE = Automatic;
				CURRENT_PROJECT_VERSION = 1;
				DEVELOPMENT_TEAM = "";
				ENABLE_PREVIEWS = YES;
				GENERATE_INFOPLIST_FILE = YES;
				INFOPLIST_KEY_UIApplicationSceneManifest_Generation = YES;
				INFOPLIST_KEY_UILaunchScreen_Generation = YES;
				INFOPLIST_KEY_UISupportedInterfaceOrientations = UIInterfaceOrientationPortrait;
				LD_RUNPATH_SEARCH_PATHS = (
					"$(inherited)",
					"@executable_path/Frameworks",
				);
				MARKETING_VERSION = 1.0;
				PRODUCT_BUNDLE_IDENTIFIER = com.likeminds.app;
				PRODUCT_NAME = "$(TARGET_NAME)";
				SUPPORTED_PLATFORMS = "iphoneos iphonesimulator";
				SUPPORTS_MACCATALYST = NO;
				SWIFT_EMIT_LOC_STRINGS = YES;
				SWIFT_VERSION = 5.0;
				TARGETED_DEVICE_FAMILY = 1;
			};
			name = Debug;
		};
		G10000000000000000000004 /* Release */ = {
			isa = XCBuildConfiguration;
			buildSettings = {
				ASSETCATALOG_COMPILER_APPICON_NAME = AppIcon;
				ASSETCATALOG_COMPILER_GLOBAL_ACCENT_COLOR_NAME = AccentColor;
				CODE_SIGN_STYLE = Automatic;
				CURRENT_PROJECT_VERSION = 1;
				DEVELOPMENT_TEAM = "";
				ENABLE_PREVIEWS = YES;
				GENERATE_INFOPLIST_FILE = YES;
				INFOPLIST_KEY_UIApplicationSceneManifest_Generation = YES;
				INFOPLIST_KEY_UILaunchScreen_Generation = YES;
				INFOPLIST_KEY_UISupportedInterfaceOrientations = UIInterfaceOrientationPortrait;
				LD_RUNPATH_SEARCH_PATHS = (
					"$(inherited)",
					"@executable_path/Frameworks",
				);
				MARKETING_VERSION = 1.0;
				PRODUCT_BUNDLE_IDENTIFIER = com.likeminds.app;
				PRODUCT_NAME = "$(TARGET_NAME)";
				SUPPORTED_PLATFORMS = "iphoneos iphonesimulator";
				SUPPORTS_MACCATALYST = NO;
				SWIFT_EMIT_LOC_STRINGS = YES;
				SWIFT_VERSION = 5.0;
				TARGETED_DEVICE_FAMILY = 1;
			};
			name = Release;
		};
/* End XCBuildConfiguration section */

/* Begin XCConfigurationList section */
		F10000000000000000000004 /* Build configuration list for PBXNativeTarget "LikeMinds" */ = {
			isa = XCConfigurationList;
			buildConfigurations = (
				G10000000000000000000003 /* Debug */,
				G10000000000000000000004 /* Release */,
			);
			defaultConfigurationIsVisible = 0;
			defaultConfigurationName = Release;
		};
		F10000000000000000000006 /* Build configuration list for PBXProject "LikeMinds" */ = {
			isa = XCConfigurationList;
			buildConfigurations = (
				G10000000000000000000001 /* Debug */,
				G10000000000000000000002 /* Release */,
			);
			defaultConfigurationIsVisible = 0;
			defaultConfigurationName = Release;
		};
/* End XCConfigurationList section */
	};
	rootObject = F10000000000000000000005 /* Project object */;
}
